
Microsoft Visual Studio Solution File, Format Version 12.00
# Visual Studio Express 2013 for Windows Desktop
VisualStudioVersion = 12.0.31101.0
MinimumVisualStudioVersion = 10.0.40219.1
Project("{FAE04EC0-301F-11D3-BF4B-00C04F79EFBC}") = "WPF-Globalisation", "WPF-Globalisation\WPF-Globalisation.csproj", "{69D8FD1B-94FB-425D-A398-7FA07BB0A411}"
EndProject
Project("{FAE04EC0-301F-11D3-BF4B-00C04F79EFBC}") = "WPF-Globalization.Resources", "WPF-Globalization.Resources\WPF-Globalization.Resources.csproj", "{3B846C99-F727-4C70-A21F-E89CBB3A7ADF}"
EndProject
Global
	GlobalSection(SolutionConfigurationPlatforms) = preSolution
		Debug|Any CPU = Debug|Any CPU
		Release|Any CPU = Release|Any CPU
	EndGlobalSection
	GlobalSection(ProjectConfigurationPlatforms) = postSolution
		{69D8FD1B-94FB-425D-A398-7FA07BB0A411}.Debug|Any CPU.ActiveCfg = Debug|Any CPU
		{69D8FD1B-94FB-425D-A398-7FA07BB0A411}.Debug|Any CPU.Build.0 = Debug|Any CPU
		{69D8FD1B-94FB-425D-A398-7FA07BB0A411}.Release|Any CPU.ActiveCfg = Release|Any CPU
		{69D8FD1B-94FB-425D-A398-7FA07BB0A411}.Release|Any CPU.Build.0 = Release|Any CPU
		{3B846C99-F727-4C70-A21F-E89CBB3A7ADF}.Debug|Any CPU.ActiveCfg = Debug|Any CPU
		{3B846C99-F727-4C70-A21F-E89CBB3A7ADF}.Debug|Any CPU.Build.0 = Debug|Any CPU
		{3B846C99-F727-4C70-A21F-E89CBB3A7ADF}.Release|Any CPU.ActiveCfg = Release|Any CPU
		{3B846C99-F727-4C70-A21F-E89CBB3A7ADF}.Release|Any CPU.Build.0 = Release|Any CPU
	EndGlobalSection
	GlobalSection(SolutionProperties) = preSolution
		HideSolutionNode = FALSE
	EndGlobalSection
EndGlobal
